
Microsoft Visual Studio Solution File, Format Version 12.00
# Visual Studio Version 17
VisualStudioVersion = 17.6.33829.357
MinimumVisualStudioVersion = 10.0.40219.1
Project("{FAE04EC0-301F-11D3-BF4B-00C04F79EFBC}") = "Ambrogiani.Filippo.4i.RubricaUnoAMolti", "Ambrogiani.Filippo.4i.RubricaUnoAMolti\Ambrogiani.Filippo.4i.RubricaUnoAMolti.csproj", "{6FC5F3F7-76FB-4BFC-8186-2540C9E3CED6}"
EndProject
Global
	GlobalSection(SolutionConfigurationPlatforms) = preSolution
		Debug|Any CPU = Debug|Any CPU
		Release|Any CPU = Release|Any CPU
	EndGlobalSection
	GlobalSection(ProjectConfigurationPlatforms) = postSolution
		{6FC5F3F7-76FB-4BFC-8186-2540C9E3CED6}.Debug|Any CPU.ActiveCfg = Debug|Any CPU
		{6FC5F3F7-76FB-4BFC-8186-2540C9E3CED6}.Debug|Any CPU.Build.0 = Debug|Any CPU
		{6FC5F3F7-76FB-4BFC-8186-2540C9E3CED6}.Release|Any CPU.ActiveCfg = Release|Any CPU
		{6FC5F3F7-76FB-4BFC-8186-2540C9E3CED6}.Release|Any CPU.Build.0 = Release|Any CPU
	EndGlobalSection
	GlobalSection(SolutionProperties) = preSolution
		HideSolutionNode = FALSE
	EndGlobalSection
	GlobalSection(ExtensibilityGlobals) = postSolution
		SolutionGuid = {7A874E87-4220-4D5F-8189-A69D7D180B0B}
	EndGlobalSection
EndGlobal
